
Microsoft Visual Studio Solution File, Format Version 12.00
# Visual Studio Version 17
VisualStudioVersion = 17.4.33103.184
MinimumVisualStudioVersion = 10.0.40219.1
Project("{FAE04EC0-301F-11D3-BF4B-00C04F79EFBC}") = "Webapi.HealthClinic.tarde", "Webapi.HealthClinic.tarde.csproj", "{1FB64133-ABBD-4DC1-9BB2-9EB2D434E908}"
EndProject
Global
	GlobalSection(SolutionConfigurationPlatforms) = preSolution
		Debug|Any CPU = Debug|Any CPU
		Release|Any CPU = Release|Any CPU
	EndGlobalSection
	GlobalSection(ProjectConfigurationPlatforms) = postSolution
		{1FB64133-ABBD-4DC1-9BB2-9EB2D434E908}.Debug|Any CPU.ActiveCfg = Debug|Any CPU
		{1FB64133-ABBD-4DC1-9BB2-9EB2D434E908}.Debug|Any CPU.Build.0 = Debug|Any CPU
		{1FB64133-ABBD-4DC1-9BB2-9EB2D434E908}.Release|Any CPU.ActiveCfg = Release|Any CPU
		{1FB64133-ABBD-4DC1-9BB2-9EB2D434E908}.Release|Any CPU.Build.0 = Release|Any CPU
	EndGlobalSection
	GlobalSection(SolutionProperties) = preSolution
		HideSolutionNode = FALSE
	EndGlobalSection
	GlobalSection(ExtensibilityGlobals) = postSolution
		SolutionGuid = {2872066D-38BF-407E-8EE9-977ECD10BFF8}
	EndGlobalSection
EndGlobal
